
Microsoft Visual Studio Solution File, Format Version 12.00
# Visual Studio Version 16
VisualStudioVersion = 16.0.31911.196
MinimumVisualStudioVersion = 10.0.40219.1
Project("{FAE04EC0-301F-11D3-BF4B-00C04F79EFBC}") = "hospitalUrgency", "hospitalUrgency\hospitalUrgency.csproj", "{0AA30BE7-CF87-4D4E-85E1-622DA28E3667}"
EndProject
Global
	GlobalSection(SolutionConfigurationPlatforms) = preSolution
		Debug|Any CPU = Debug|Any CPU
		Release|Any CPU = Release|Any CPU
	EndGlobalSection
	GlobalSection(ProjectConfigurationPlatforms) = postSolution
		{0AA30BE7-CF87-4D4E-85E1-622DA28E3667}.Debug|Any CPU.ActiveCfg = Debug|Any CPU
		{0AA30BE7-CF87-4D4E-85E1-622DA28E3667}.Debug|Any CPU.Build.0 = Debug|Any CPU
		{0AA30BE7-CF87-4D4E-85E1-622DA28E3667}.Release|Any CPU.ActiveCfg = Release|Any CPU
		{0AA30BE7-CF87-4D4E-85E1-622DA28E3667}.Release|Any CPU.Build.0 = Release|Any CPU
	EndGlobalSection
	GlobalSection(SolutionProperties) = preSolution
		HideSolutionNode = FALSE
	EndGlobalSection
	GlobalSection(ExtensibilityGlobals) = postSolution
		SolutionGuid = {00C913CB-2A25-4783-8648-B4C81C27FB90}
	EndGlobalSection
EndGlobal
